{
  "name": "uikit-react2",
  "version": "1.0.0",
  "lockfileVersion": 2,
  "requires": true,
  "packages": {
    "": {
      "name": "uikit-react2",
      "version": "1.0.0",
      "license": "ISC",
      "dependencies": {
        "uikit": "^3.13.7"
      }
    },
    "node_modules/uikit": {
      "version": "3.13.7",
      "resolved": "https://registry.npmjs.org/uikit/-/uikit-3.13.7.tgz",
      "integrity": "sha512-yQrwf5TThdOgBzODL9TBT4tl5b608qS49FaXD1mKcpjVicCmnRMdtQ9zHcmmMJ2zuayDeg6h3S5+L1BDYOX8EA=="
    }
  },
  "dependencies": {
    "uikit": {
      "version": "3.13.7",
      "resolved": "https://registry.npmjs.org/uikit/-/uikit-3.13.7.tgz",
      "integrity": "sha512-yQrwf5TThdOgBzODL9TBT4tl5b608qS49FaXD1mKcpjVicCmnRMdtQ9zHcmmMJ2zuayDeg6h3S5+L1BDYOX8EA=="
    }
  }
}
